
Microsoft Visual Studio Solution File, Format Version 12.00
# Visual Studio 15
VisualStudioVersion = 15.0.28307.852
MinimumVisualStudioVersion = 10.0.40219.1
Project("{FAE04EC0-301F-11D3-BF4B-00C04F79EFBC}") = "TimerApp", "Timer\TimerApp.csproj", "{60ECED2A-104F-45DB-8C3F-1B2D1B96B5E6}"
EndProject
Global
	GlobalSection(SolutionConfigurationPlatforms) = preSolution
		Debug|Any CPU = Debug|Any CPU
		Release|Any CPU = Release|Any CPU
	EndGlobalSection
	GlobalSection(ProjectConfigurationPlatforms) = postSolution
		{60ECED2A-104F-45DB-8C3F-1B2D1B96B5E6}.Debug|Any CPU.ActiveCfg = Debug|Any CPU
		{60ECED2A-104F-45DB-8C3F-1B2D1B96B5E6}.Debug|Any CPU.Build.0 = Debug|Any CPU
		{60ECED2A-104F-45DB-8C3F-1B2D1B96B5E6}.Release|Any CPU.ActiveCfg = Release|Any CPU
		{60ECED2A-104F-45DB-8C3F-1B2D1B96B5E6}.Release|Any CPU.Build.0 = Release|Any CPU
	EndGlobalSection
	GlobalSection(SolutionProperties) = preSolution
		HideSolutionNode = FALSE
	EndGlobalSection
	GlobalSection(ExtensibilityGlobals) = postSolution
		SolutionGuid = {AC16E21E-8DC5-4C94-A0A7-084B40A93576}
	EndGlobalSection
EndGlobal
